
Microsoft Visual Studio Solution File, Format Version 12.00
# Visual Studio Version 17
VisualStudioVersion = 17.14.36429.23 d17.14
MinimumVisualStudioVersion = 10.0.40219.1
Project("{FAE04EC0-301F-11D3-BF4B-00C04F79EFBC}") = "Monsterkampf Simulator", "Monsterkampf Simulator.csproj", "{AFB1F318-99D1-4C3E-9FD4-821B8BE07AC6}"
EndProject
Global
	GlobalSection(SolutionConfigurationPlatforms) = preSolution
		Debug|Any CPU = Debug|Any CPU
		Release|Any CPU = Release|Any CPU
	EndGlobalSection
	GlobalSection(ProjectConfigurationPlatforms) = postSolution
		{AFB1F318-99D1-4C3E-9FD4-821B8BE07AC6}.Debug|Any CPU.ActiveCfg = Debug|Any CPU
		{AFB1F318-99D1-4C3E-9FD4-821B8BE07AC6}.Debug|Any CPU.Build.0 = Debug|Any CPU
		{AFB1F318-99D1-4C3E-9FD4-821B8BE07AC6}.Release|Any CPU.ActiveCfg = Release|Any CPU
		{AFB1F318-99D1-4C3E-9FD4-821B8BE07AC6}.Release|Any CPU.Build.0 = Release|Any CPU
	EndGlobalSection
	GlobalSection(SolutionProperties) = preSolution
		HideSolutionNode = FALSE
	EndGlobalSection
	GlobalSection(ExtensibilityGlobals) = postSolution
		SolutionGuid = {B1C1C112-B43D-4F45-BC58-9B0E65928298}
	EndGlobalSection
EndGlobal
